
Microsoft Visual Studio Solution File, Format Version 12.00
# Visual Studio Version 17
VisualStudioVersion = 17.10.35027.167
MinimumVisualStudioVersion = 10.0.40219.1
Project("{FAE04EC0-301F-11D3-BF4B-00C04F79EFBC}") = "WindowsForms", "WindowsForms.csproj", "{65C48908-E552-4707-AF2B-6E30C7510DF6}"
EndProject
Global
	GlobalSection(SolutionConfigurationPlatforms) = preSolution
		Debug|Any CPU = Debug|Any CPU
		Release|Any CPU = Release|Any CPU
	EndGlobalSection
	GlobalSection(ProjectConfigurationPlatforms) = postSolution
		{65C48908-E552-4707-AF2B-6E30C7510DF6}.Debug|Any CPU.ActiveCfg = Debug|Any CPU
		{65C48908-E552-4707-AF2B-6E30C7510DF6}.Debug|Any CPU.Build.0 = Debug|Any CPU
		{65C48908-E552-4707-AF2B-6E30C7510DF6}.Release|Any CPU.ActiveCfg = Release|Any CPU
		{65C48908-E552-4707-AF2B-6E30C7510DF6}.Release|Any CPU.Build.0 = Release|Any CPU
	EndGlobalSection
	GlobalSection(SolutionProperties) = preSolution
		HideSolutionNode = FALSE
	EndGlobalSection
	GlobalSection(ExtensibilityGlobals) = postSolution
		SolutionGuid = {C8D37ABB-9AA4-4672-9233-7043CE4A1794}
	EndGlobalSection
EndGlobal
